<Solution>
  <Configurations>
    <Platform Name="Any CPU" />
    <Platform Name="x64" />
    <Platform Name="x86" />
  </Configurations>
  <Folder Name="/tests/">
    <Project Path="tests/Notifications.API.Tests/Notifications.API.Tests.csproj" />
  </Folder>
  <Project Path="src/Notifications.API/Notifications.API.csproj" />
</Solution>
