
Microsoft Visual Studio Solution File, Format Version 12.00
# Visual Studio Version 17
VisualStudioVersion = 17.0.31903.59
MinimumVisualStudioVersion = 10.0.40219.1
Project("{FAE04EC0-301F-11D3-BF4B-00C04F79EFBC}") = "Notifications.API", "src\Notifications.API\Notifications.API.csproj", "{DC0C4F95-011D-41DB-A695-9EBFD7B117C9}"
EndProject
Project("{2150E333-8FDC-42A3-9474-1A3956D46DE8}") = "tests", "tests", "{196C5195-86CB-4A19-B16F-6566F61888F2}"
EndProject
Project("{FAE04EC0-301F-11D3-BF4B-00C04F79EFBC}") = "Notifications.API.Tests", "tests\Notifications.API.Tests\Notifications.API.Tests.csproj", "{9CB71FBD-8A57-4F48-BCB6-92E4F32509E1}"
EndProject
Global
	GlobalSection(SolutionConfigurationPlatforms) = preSolution
		Debug|Any CPU = Debug|Any CPU
		Debug|x64 = Debug|x64
		Debug|x86 = Debug|x86
		Release|Any CPU = Release|Any CPU
		Release|x64 = Release|x64
		Release|x86 = Release|x86
	EndGlobalSection
	GlobalSection(ProjectConfigurationPlatforms) = postSolution
		{DC0C4F95-011D-41DB-A695-9EBFD7B117C9}.Debug|Any CPU.ActiveCfg = Debug|Any CPU
		{DC0C4F95-011D-41DB-A695-9EBFD7B117C9}.Debug|Any CPU.Build.0 = Debug|Any CPU
		{DC0C4F95-011D-41DB-A695-9EBFD7B117C9}.Debug|x64.ActiveCfg = Debug|Any CPU
		{DC0C4F95-011D-41DB-A695-9EBFD7B117C9}.Debug|x64.Build.0 = Debug|Any CPU
		{DC0C4F95-011D-41DB-A695-9EBFD7B117C9}.Debug|x86.ActiveCfg = Debug|Any CPU
		{DC0C4F95-011D-41DB-A695-9EBFD7B117C9}.Debug|x86.Build.0 = Debug|Any CPU
		{DC0C4F95-011D-41DB-A695-9EBFD7B117C9}.Release|Any CPU.ActiveCfg = Release|Any CPU
		{DC0C4F95-011D-41DB-A695-9EBFD7B117C9}.Release|Any CPU.Build.0 = Release|Any CPU
		{DC0C4F95-011D-41DB-A695-9EBFD7B117C9}.Release|x64.ActiveCfg = Release|Any CPU
		{DC0C4F95-011D-41DB-A695-9EBFD7B117C9}.Release|x64.Build.0 = Release|Any CPU
		{DC0C4F95-011D-41DB-A695-9EBFD7B117C9}.Release|x86.ActiveCfg = Release|Any CPU
		{DC0C4F95-011D-41DB-A695-9EBFD7B117C9}.Release|x86.Build.0 = Release|Any CPU
		{9CB71FBD-8A57-4F48-BCB6-92E4F32509E1}.Debug|Any CPU.ActiveCfg = Debug|Any CPU
		{9CB71FBD-8A57-4F48-BCB6-92E4F32509E1}.Debug|Any CPU.Build.0 = Debug|Any CPU
		{9CB71FBD-8A57-4F48-BCB6-92E4F32509E1}.Debug|x64.ActiveCfg = Debug|Any CPU
		{9CB71FBD-8A57-4F48-BCB6-92E4F32509E1}.Debug|x64.Build.0 = Debug|Any CPU
		{9CB71FBD-8A57-4F48-BCB6-92E4F32509E1}.Debug|x86.ActiveCfg = Debug|Any CPU
		{9CB71FBD-8A57-4F48-BCB6-92E4F32509E1}.Debug|x86.Build.0 = Debug|Any CPU
		{9CB71FBD-8A57-4F48-BCB6-92E4F32509E1}.Release|Any CPU.ActiveCfg = Release|Any CPU
		{9CB71FBD-8A57-4F48-BCB6-92E4F32509E1}.Release|Any CPU.Build.0 = Release|Any CPU
		{9CB71FBD-8A57-4F48-BCB6-92E4F32509E1}.Release|x64.ActiveCfg = Release|Any CPU
		{9CB71FBD-8A57-4F48-BCB6-92E4F32509E1}.Release|x64.Build.0 = Release|Any CPU
		{9CB71FBD-8A57-4F48-BCB6-92E4F32509E1}.Release|x86.ActiveCfg = Release|Any CPU
		{9CB71FBD-8A57-4F48-BCB6-92E4F32509E1}.Release|x86.Build.0 = Release|Any CPU
	EndGlobalSection
	GlobalSection(SolutionProperties) = preSolution
		HideSolutionNode = FALSE
	EndGlobalSection
	GlobalSection(NestedProjects) = preSolution
		{9CB71FBD-8A57-4F48-BCB6-92E4F32509E1} = {196C5195-86CB-4A19-B16F-6566F61888F2}
	EndGlobalSection
EndGlobal
